
Microsoft Visual Studio Solution File, Format Version 12.00
# Visual Studio Version 17
VisualStudioVersion = 17.12.35506.116
MinimumVisualStudioVersion = 10.0.40219.1
Project("{FAE04EC0-301F-11D3-BF4B-00C04F79EFBC}") = "GUI", "3tier\GUI.csproj", "{A6C7CA69-43CC-4C79-BF1A-EBFD79EEA2A4}"
EndProject
Project("{FAE04EC0-301F-11D3-BF4B-00C04F79EFBC}") = "BUS", "BUS\BUS.csproj", "{72BC664E-6E2E-4617-83A4-8425796306AE}"
EndProject
Project("{FAE04EC0-301F-11D3-BF4B-00C04F79EFBC}") = "DAL", "DAL\DAL.csproj", "{024EE98D-0223-422D-8B89-69DCE4434C8B}"
EndProject
Global
	GlobalSection(SolutionConfigurationPlatforms) = preSolution
		Debug|Any CPU = Debug|Any CPU
		Release|Any CPU = Release|Any CPU
	EndGlobalSection
	GlobalSection(ProjectConfigurationPlatforms) = postSolution
		{A6C7CA69-43CC-4C79-BF1A-EBFD79EEA2A4}.Debug|Any CPU.ActiveCfg = Debug|Any CPU
		{A6C7CA69-43CC-4C79-BF1A-EBFD79EEA2A4}.Debug|Any CPU.Build.0 = Debug|Any CPU
		{A6C7CA69-43CC-4C79-BF1A-EBFD79EEA2A4}.Release|Any CPU.ActiveCfg = Release|Any CPU
		{A6C7CA69-43CC-4C79-BF1A-EBFD79EEA2A4}.Release|Any CPU.Build.0 = Release|Any CPU
		{72BC664E-6E2E-4617-83A4-8425796306AE}.Debug|Any CPU.ActiveCfg = Debug|Any CPU
		{72BC664E-6E2E-4617-83A4-8425796306AE}.Debug|Any CPU.Build.0 = Debug|Any CPU
		{72BC664E-6E2E-4617-83A4-8425796306AE}.Release|Any CPU.ActiveCfg = Release|Any CPU
		{72BC664E-6E2E-4617-83A4-8425796306AE}.Release|Any CPU.Build.0 = Release|Any CPU
		{024EE98D-0223-422D-8B89-69DCE4434C8B}.Debug|Any CPU.ActiveCfg = Debug|Any CPU
		{024EE98D-0223-422D-8B89-69DCE4434C8B}.Debug|Any CPU.Build.0 = Debug|Any CPU
		{024EE98D-0223-422D-8B89-69DCE4434C8B}.Release|Any CPU.ActiveCfg = Release|Any CPU
		{024EE98D-0223-422D-8B89-69DCE4434C8B}.Release|Any CPU.Build.0 = Release|Any CPU
	EndGlobalSection
	GlobalSection(SolutionProperties) = preSolution
		HideSolutionNode = FALSE
	EndGlobalSection
EndGlobal
